
Microsoft Visual Studio Solution File, Format Version 12.00
# Visual Studio 15
Project("{FAE04EC0-301F-11D3-BF4B-00C04F79EFBC}") = "Core", "API\Core.csproj", "{2F611B94-8350-4CB5-A065-638B61CE5C7E}"
EndProject
Project("{FAE04EC0-301F-11D3-BF4B-00C04F79EFBC}") = "ExampleApplication", "ExampleApplication\ExampleApplication.csproj", "{5CC011A7-A160-4878-991C-09C0AC2BCD63}"
EndProject
Global
	GlobalSection(SolutionConfigurationPlatforms) = preSolution
		Debug|Any CPU = Debug|Any CPU
		Release|Any CPU = Release|Any CPU
	EndGlobalSection
	GlobalSection(ProjectConfigurationPlatforms) = postSolution
		{2F611B94-8350-4CB5-A065-638B61CE5C7E}.Debug|Any CPU.ActiveCfg = Debug|Any CPU
		{2F611B94-8350-4CB5-A065-638B61CE5C7E}.Debug|Any CPU.Build.0 = Debug|Any CPU
		{2F611B94-8350-4CB5-A065-638B61CE5C7E}.Release|Any CPU.ActiveCfg = Release|Any CPU
		{2F611B94-8350-4CB5-A065-638B61CE5C7E}.Release|Any CPU.Build.0 = Release|Any CPU
		{5CC011A7-A160-4878-991C-09C0AC2BCD63}.Debug|Any CPU.ActiveCfg = Debug|Any CPU
		{5CC011A7-A160-4878-991C-09C0AC2BCD63}.Debug|Any CPU.Build.0 = Debug|Any CPU
		{5CC011A7-A160-4878-991C-09C0AC2BCD63}.Release|Any CPU.ActiveCfg = Release|Any CPU
		{5CC011A7-A160-4878-991C-09C0AC2BCD63}.Release|Any CPU.Build.0 = Release|Any CPU
	EndGlobalSection
EndGlobal
