Microsoft Visual Studio Solution File, Format Version 12.00
# Visual Studio 15
VisualStudioVersion = 15.0.28307.168
MinimumVisualStudioVersion = 10.0.40219.1
Project("{9A19103F-16F7-4668-BE54-9A1E7A4F7556}") = "API", "API\API.csproj", "{E798D94A-5399-4DD2-AEDB-F92377F0CED6}"
EndProject
Project("{FAE04EC0-301F-11D3-BF4B-00C04F79EFBC}") = "NETFramework", "Tests\NETFramework\NETFramework.csproj", "{2119B1AA-6427-44E1-86BD-CABC51546BEE}"
EndProject
Global
	GlobalSection(SolutionConfigurationPlatforms) = preSolution
		Debug|Any CPU = Debug|Any CPU
		Release|Any CPU = Release|Any CPU
	EndGlobalSection
	GlobalSection(ProjectConfigurationPlatforms) = postSolution
		{E798D94A-5399-4DD2-AEDB-F92377F0CED6}.Debug|Any CPU.ActiveCfg = Debug|Any CPU
		{E798D94A-5399-4DD2-AEDB-F92377F0CED6}.Debug|Any CPU.Build.0 = Debug|Any CPU
		{E798D94A-5399-4DD2-AEDB-F92377F0CED6}.Release|Any CPU.ActiveCfg = Release|Any CPU
		{E798D94A-5399-4DD2-AEDB-F92377F0CED6}.Release|Any CPU.Build.0 = Release|Any CPU
		{2119B1AA-6427-44E1-86BD-CABC51546BEE}.Debug|Any CPU.ActiveCfg = Debug|Any CPU
		{2119B1AA-6427-44E1-86BD-CABC51546BEE}.Debug|Any CPU.Build.0 = Debug|Any CPU
		{2119B1AA-6427-44E1-86BD-CABC51546BEE}.Release|Any CPU.ActiveCfg = Release|Any CPU
		{2119B1AA-6427-44E1-86BD-CABC51546BEE}.Release|Any CPU.Build.0 = Release|Any CPU
	EndGlobalSection
	GlobalSection(SolutionProperties) = preSolution
		HideSolutionNode = FALSE
	EndGlobalSection
	GlobalSection(ExtensibilityGlobals) = postSolution
		SolutionGuid = {323630E3-0AEE-4FDC-B0BE-8D581D101D13}
	EndGlobalSection
EndGlobal
